
Microsoft Visual Studio Solution File, Format Version 12.00
# Visual Studio Version 17
VisualStudioVersion = 17.2.32630.192
MinimumVisualStudioVersion = 10.0.40219.1
Project("{FAE04EC0-301F-11D3-BF4B-00C04F79EFBC}") = "CargoCompanyWPF", "CargoCompanyWPF\CargoCompanyWPF.csproj", "{DA85C83B-2153-4AE2-8148-3099B7473B9D}"
EndProject
Global
	GlobalSection(SolutionConfigurationPlatforms) = preSolution
		Debug|Any CPU = Debug|Any CPU
		Release|Any CPU = Release|Any CPU
	EndGlobalSection
	GlobalSection(ProjectConfigurationPlatforms) = postSolution
		{DA85C83B-2153-4AE2-8148-3099B7473B9D}.Debug|Any CPU.ActiveCfg = Debug|Any CPU
		{DA85C83B-2153-4AE2-8148-3099B7473B9D}.Debug|Any CPU.Build.0 = Debug|Any CPU
		{DA85C83B-2153-4AE2-8148-3099B7473B9D}.Release|Any CPU.ActiveCfg = Release|Any CPU
		{DA85C83B-2153-4AE2-8148-3099B7473B9D}.Release|Any CPU.Build.0 = Release|Any CPU
	EndGlobalSection
	GlobalSection(SolutionProperties) = preSolution
		HideSolutionNode = FALSE
	EndGlobalSection
	GlobalSection(ExtensibilityGlobals) = postSolution
		SolutionGuid = {BABF6BBD-FEE2-4413-8BBB-C7ADB8F6D8D0}
	EndGlobalSection
EndGlobal
